
Microsoft Visual Studio Solution File, Format Version 12.00
# Visual Studio 15
VisualStudioVersion = 15.0.27703.2000
MinimumVisualStudioVersion = 10.0.40219.1
Project("{FAE04EC0-301F-11D3-BF4B-00C04F79EFBC}") = "TelegramBotApi", "TelegramBotApi\TelegramBotApi.csproj", "{2E6FC687-3D71-43CB-BFCE-741150F0C036}"
EndProject
Global
	GlobalSection(SolutionConfigurationPlatforms) = preSolution
		Debug|Any CPU = Debug|Any CPU
		Release|Any CPU = Release|Any CPU
	EndGlobalSection
	GlobalSection(ProjectConfigurationPlatforms) = postSolution
		{2E6FC687-3D71-43CB-BFCE-741150F0C036}.Debug|Any CPU.ActiveCfg = Debug|Any CPU
		{2E6FC687-3D71-43CB-BFCE-741150F0C036}.Debug|Any CPU.Build.0 = Debug|Any CPU
		{2E6FC687-3D71-43CB-BFCE-741150F0C036}.Release|Any CPU.ActiveCfg = Release|Any CPU
		{2E6FC687-3D71-43CB-BFCE-741150F0C036}.Release|Any CPU.Build.0 = Release|Any CPU
	EndGlobalSection
	GlobalSection(SolutionProperties) = preSolution
		HideSolutionNode = FALSE
	EndGlobalSection
	GlobalSection(ExtensibilityGlobals) = postSolution
		SolutionGuid = {182DCCCA-6E39-4A06-921F-59F5DF41E13D}
	EndGlobalSection
EndGlobal
